
Microsoft Visual Studio Solution File, Format Version 12.00
# Visual Studio 2012
Project("{FAE04EC0-301F-11D3-BF4B-00C04F79EFBC}") = "TestFlagment", "TestFlagment\TestFlagment.csproj", "{CE17C8B0-FC5B-45EF-ACBC-A983DA71A3B9}"
EndProject
Project("{FAE04EC0-301F-11D3-BF4B-00C04F79EFBC}") = "TestFlagment.UITests", "TestFlagment.UITests\TestFlagment.UITests.csproj", "{A95DE59B-CC73-4BA6-8267-F18FA0072F4E}"
EndProject
Project("{FAE04EC0-301F-11D3-BF4B-00C04F79EFBC}") = "Core", "Core\Core.csproj", "{0D0FF375-CAB6-4C1F-B2D0-590225D1FDAC}"
EndProject
Global
	GlobalSection(SolutionConfigurationPlatforms) = preSolution
		Debug|Any CPU = Debug|Any CPU
		Release|Any CPU = Release|Any CPU
	EndGlobalSection
	GlobalSection(ProjectConfigurationPlatforms) = postSolution
		{0D0FF375-CAB6-4C1F-B2D0-590225D1FDAC}.Debug|Any CPU.ActiveCfg = Debug|Any CPU
		{0D0FF375-CAB6-4C1F-B2D0-590225D1FDAC}.Debug|Any CPU.Build.0 = Debug|Any CPU
		{0D0FF375-CAB6-4C1F-B2D0-590225D1FDAC}.Release|Any CPU.ActiveCfg = Release|Any CPU
		{0D0FF375-CAB6-4C1F-B2D0-590225D1FDAC}.Release|Any CPU.Build.0 = Release|Any CPU
		{A95DE59B-CC73-4BA6-8267-F18FA0072F4E}.Debug|Any CPU.ActiveCfg = Debug|Any CPU
		{A95DE59B-CC73-4BA6-8267-F18FA0072F4E}.Debug|Any CPU.Build.0 = Debug|Any CPU
		{A95DE59B-CC73-4BA6-8267-F18FA0072F4E}.Release|Any CPU.ActiveCfg = Release|Any CPU
		{A95DE59B-CC73-4BA6-8267-F18FA0072F4E}.Release|Any CPU.Build.0 = Release|Any CPU
		{CE17C8B0-FC5B-45EF-ACBC-A983DA71A3B9}.Debug|Any CPU.ActiveCfg = Debug|Any CPU
		{CE17C8B0-FC5B-45EF-ACBC-A983DA71A3B9}.Debug|Any CPU.Build.0 = Debug|Any CPU
		{CE17C8B0-FC5B-45EF-ACBC-A983DA71A3B9}.Release|Any CPU.ActiveCfg = Release|Any CPU
		{CE17C8B0-FC5B-45EF-ACBC-A983DA71A3B9}.Release|Any CPU.Build.0 = Release|Any CPU
	EndGlobalSection
EndGlobal
